# This file is automatically @generated by Poetry 2.1.2 and should not be changed by hand.

[[package]]
name = "validators"
version = "0.35.0"
description = "Python Data Validation for Humans™"
optional = false
python-versions = ">=3.9"
groups = ["main"]
files = [
    {file = "validators-0.35.0-py3-none-any.whl", hash = "sha256:e8c947097eae7892cb3d26868d637f79f47b4a0554bc6b80065dfe5aac3705dd"},
    {file = "validators-0.35.0.tar.gz", hash = "sha256:992d6c48a4e77c81f1b4daba10d16c3a9bb0dbb79b3a19ea847ff0928e70497a"},
]

[package.extras]
crypto-eth-addresses = ["eth-hash[pycryptodome] (>=0.7.0)"]

[metadata]
lock-version = "2.1"
python-versions = ">=3.10"
content-hash = "75a326a8ee1a6d13d5b9df79525a52896f1671097e4bd6b6ee20b50ba86461d4"
